
Microsoft Visual Studio Solution File, Format Version 12.00
Project("{FAE04EC0-301F-11D3-BF4B-00C04F79EFBC}") = "WalletService", "WalletService\WalletService.csproj", "{922D336D-52DC-4B1A-B928-205431B15DB2}"
EndProject
Project("{2150E333-8FDC-42A3-9474-1A3956D46DE8}") = "src", "src", "{3B954646-A943-491D-8F28-9EA726268F9D}"
EndProject
Project("{2150E333-8FDC-42A3-9474-1A3956D46DE8}") = "test", "test", "{4826ABAE-0CCC-40CE-826F-2505187AEE13}"
EndProject
Project("{FAE04EC0-301F-11D3-BF4B-00C04F79EFBC}") = "WalletService.UnitTest", "WalletService.UnitTest\WalletService.UnitTest.csproj", "{AA1A42E5-50E2-4007-8844-D1BEB0907175}"
EndProject
Project("{FAE04EC0-301F-11D3-BF4B-00C04F79EFBC}") = "WalletService.IntegrationTest", "WalletService.IntegrationTest\WalletService.IntegrationTest.csproj", "{037210A3-956D-4B26-8B57-B101B4EE5B52}"
EndProject
Global
	GlobalSection(SolutionConfigurationPlatforms) = preSolution
		Debug|Any CPU = Debug|Any CPU
		Release|Any CPU = Release|Any CPU
	EndGlobalSection
	GlobalSection(ProjectConfigurationPlatforms) = postSolution
		{922D336D-52DC-4B1A-B928-205431B15DB2}.Debug|Any CPU.ActiveCfg = Debug|Any CPU
		{922D336D-52DC-4B1A-B928-205431B15DB2}.Debug|Any CPU.Build.0 = Debug|Any CPU
		{922D336D-52DC-4B1A-B928-205431B15DB2}.Release|Any CPU.ActiveCfg = Release|Any CPU
		{922D336D-52DC-4B1A-B928-205431B15DB2}.Release|Any CPU.Build.0 = Release|Any CPU
		{AA1A42E5-50E2-4007-8844-D1BEB0907175}.Debug|Any CPU.ActiveCfg = Debug|Any CPU
		{AA1A42E5-50E2-4007-8844-D1BEB0907175}.Debug|Any CPU.Build.0 = Debug|Any CPU
		{AA1A42E5-50E2-4007-8844-D1BEB0907175}.Release|Any CPU.ActiveCfg = Release|Any CPU
		{AA1A42E5-50E2-4007-8844-D1BEB0907175}.Release|Any CPU.Build.0 = Release|Any CPU
		{037210A3-956D-4B26-8B57-B101B4EE5B52}.Debug|Any CPU.ActiveCfg = Debug|Any CPU
		{037210A3-956D-4B26-8B57-B101B4EE5B52}.Debug|Any CPU.Build.0 = Debug|Any CPU
		{037210A3-956D-4B26-8B57-B101B4EE5B52}.Release|Any CPU.ActiveCfg = Release|Any CPU
		{037210A3-956D-4B26-8B57-B101B4EE5B52}.Release|Any CPU.Build.0 = Release|Any CPU
	EndGlobalSection
	GlobalSection(NestedProjects) = preSolution
		{922D336D-52DC-4B1A-B928-205431B15DB2} = {3B954646-A943-491D-8F28-9EA726268F9D}
		{AA1A42E5-50E2-4007-8844-D1BEB0907175} = {4826ABAE-0CCC-40CE-826F-2505187AEE13}
		{037210A3-956D-4B26-8B57-B101B4EE5B52} = {4826ABAE-0CCC-40CE-826F-2505187AEE13}
	EndGlobalSection
EndGlobal
